
Microsoft Visual Studio Solution File, Format Version 12.00
# Visual Studio Version 16
VisualStudioVersion = 16.0.30104.148
MinimumVisualStudioVersion = 10.0.40219.1
Project("{FAE04EC0-301F-11D3-BF4B-00C04F79EFBC}") = "NewReact", "NewReact.csproj", "{05E9C190-F686-4767-A192-63C3C77268CC}"
EndProject
Global
	GlobalSection(SolutionConfigurationPlatforms) = preSolution
		Debug|Any CPU = Debug|Any CPU
		Release|Any CPU = Release|Any CPU
	EndGlobalSection
	GlobalSection(ProjectConfigurationPlatforms) = postSolution
		{05E9C190-F686-4767-A192-63C3C77268CC}.Debug|Any CPU.ActiveCfg = Debug|Any CPU
		{05E9C190-F686-4767-A192-63C3C77268CC}.Debug|Any CPU.Build.0 = Debug|Any CPU
		{05E9C190-F686-4767-A192-63C3C77268CC}.Release|Any CPU.ActiveCfg = Release|Any CPU
		{05E9C190-F686-4767-A192-63C3C77268CC}.Release|Any CPU.Build.0 = Release|Any CPU
	EndGlobalSection
	GlobalSection(SolutionProperties) = preSolution
		HideSolutionNode = FALSE
	EndGlobalSection
	GlobalSection(ExtensibilityGlobals) = postSolution
		SolutionGuid = {04067D08-7E5F-459A-97BB-C052E5080CBF}
	EndGlobalSection
EndGlobal
